
Microsoft Visual Studio Solution File, Format Version 12.00
# Visual Studio Version 16
VisualStudioVersion = 16.0.30011.22
MinimumVisualStudioVersion = 10.0.40219.1
Project("{9A19103F-16F7-4668-BE54-9A1E7A4F7556}") = "Moviet", "Moviet\Moviet.csproj", "{D3F7D6FE-6CBC-4B96-82A9-305CB6CF9917}"
EndProject
Project("{9A19103F-16F7-4668-BE54-9A1E7A4F7556}") = "MovietML.Model", "MovietML.Model\MovietML.Model.csproj", "{3E5E1F3D-420E-41A3-A90A-0E225AF5D10A}"
EndProject
Project("{9A19103F-16F7-4668-BE54-9A1E7A4F7556}") = "MovietML.ConsoleApp", "MovietML.ConsoleApp\MovietML.ConsoleApp.csproj", "{68079582-EAF6-4A25-998B-6D1FF472AC41}"
EndProject
Global
	GlobalSection(SolutionConfigurationPlatforms) = preSolution
		Debug|Any CPU = Debug|Any CPU
		Release|Any CPU = Release|Any CPU
	EndGlobalSection
	GlobalSection(ProjectConfigurationPlatforms) = postSolution
		{D3F7D6FE-6CBC-4B96-82A9-305CB6CF9917}.Debug|Any CPU.ActiveCfg = Debug|Any CPU
		{D3F7D6FE-6CBC-4B96-82A9-305CB6CF9917}.Debug|Any CPU.Build.0 = Debug|Any CPU
		{D3F7D6FE-6CBC-4B96-82A9-305CB6CF9917}.Release|Any CPU.ActiveCfg = Release|Any CPU
		{D3F7D6FE-6CBC-4B96-82A9-305CB6CF9917}.Release|Any CPU.Build.0 = Release|Any CPU
		{3E5E1F3D-420E-41A3-A90A-0E225AF5D10A}.Debug|Any CPU.ActiveCfg = Debug|Any CPU
		{3E5E1F3D-420E-41A3-A90A-0E225AF5D10A}.Debug|Any CPU.Build.0 = Debug|Any CPU
		{3E5E1F3D-420E-41A3-A90A-0E225AF5D10A}.Release|Any CPU.ActiveCfg = Release|Any CPU
		{3E5E1F3D-420E-41A3-A90A-0E225AF5D10A}.Release|Any CPU.Build.0 = Release|Any CPU
		{68079582-EAF6-4A25-998B-6D1FF472AC41}.Debug|Any CPU.ActiveCfg = Debug|Any CPU
		{68079582-EAF6-4A25-998B-6D1FF472AC41}.Debug|Any CPU.Build.0 = Debug|Any CPU
		{68079582-EAF6-4A25-998B-6D1FF472AC41}.Release|Any CPU.ActiveCfg = Release|Any CPU
		{68079582-EAF6-4A25-998B-6D1FF472AC41}.Release|Any CPU.Build.0 = Release|Any CPU
	EndGlobalSection
	GlobalSection(SolutionProperties) = preSolution
		HideSolutionNode = FALSE
	EndGlobalSection
	GlobalSection(ExtensibilityGlobals) = postSolution
		SolutionGuid = {4BAE0029-FEA5-4DB3-A270-DB8EF7EB16A4}
	EndGlobalSection
EndGlobal
